hash: ca779a559c6eb213d6493ac56186ca891284bd780d3246ee3195f9420d769f85
updated: 2017-05-01T21:20:05.466355187+05:30
imports:
- name: github.com/gorilla/mux
  version: 392c28fe23e1c45ddba891b0320b3b5df220beea
- name: github.com/gorilla/websocket
  version: 3ab3a8b8831546bd18fd182c20687ca853b2bb13
testImports: []
